
Microsoft Visual Studio Solution File, Format Version 12.00
# Visual Studio 14
VisualStudioVersion = 14.0.25420.1
MinimumVisualStudioVersion = 10.0.40219.1
Project("{151D2E53-A2C4-4D7D-83FE-D05416EBD58E}") = "SimpleLogicApp", "SimpleLogicApp\SimpleLogicApp.deployproj", "{2A52DA27-6D6E-4C97-98B6-C935BAD569ED}"
EndProject
Project("{FAE04EC0-301F-11D3-BF4B-00C04F79EFBC}") = "LogicAppWebApi", "LogicAppWebApi\LogicAppWebApi.csproj", "{1E9B061C-F0C8-4F00-B0C0-C807DF66FF66}"
EndProject
Global
	GlobalSection(SolutionConfigurationPlatforms) = preSolution
		Debug|Any CPU = Debug|Any CPU
		Release|Any CPU = Release|Any CPU
	EndGlobalSection
	GlobalSection(ProjectConfigurationPlatforms) = postSolution
		{2A52DA27-6D6E-4C97-98B6-C935BAD569ED}.Debug|Any CPU.ActiveCfg = Debug|Any CPU
		{2A52DA27-6D6E-4C97-98B6-C935BAD569ED}.Debug|Any CPU.Build.0 = Debug|Any CPU
		{2A52DA27-6D6E-4C97-98B6-C935BAD569ED}.Release|Any CPU.ActiveCfg = Release|Any CPU
		{2A52DA27-6D6E-4C97-98B6-C935BAD569ED}.Release|Any CPU.Build.0 = Release|Any CPU
		{1E9B061C-F0C8-4F00-B0C0-C807DF66FF66}.Debug|Any CPU.ActiveCfg = Debug|Any CPU
		{1E9B061C-F0C8-4F00-B0C0-C807DF66FF66}.Debug|Any CPU.Build.0 = Debug|Any CPU
		{1E9B061C-F0C8-4F00-B0C0-C807DF66FF66}.Release|Any CPU.ActiveCfg = Release|Any CPU
		{1E9B061C-F0C8-4F00-B0C0-C807DF66FF66}.Release|Any CPU.Build.0 = Release|Any CPU
	EndGlobalSection
	GlobalSection(SolutionProperties) = preSolution
		HideSolutionNode = FALSE
	EndGlobalSection
EndGlobal
